name: 'Lock threads'

on:
  schedule:
    - cron: '0 0 * * *'

permissions: {}

jobs:
  lock:
    runs-on: ubuntu-latest
    permissions:
      issues: write
      pull-requests: write
    steps:
      - uses: dessant/lock-threads@f1a42f0f44eb83361d617a014663e1a76cf282d2 # v2.1.2
        with:
          github-token: ${{ github.token }}
          issue-lock-inactive-days: '180'
